
Microsoft Visual Studio Solution File, Format Version 12.00
# Visual Studio Version 17
VisualStudioVersion = 17.8.34316.72
MinimumVisualStudioVersion = 10.0.40219.1
Project("{FAE04EC0-301F-11D3-BF4B-00C04F79EFBC}") = "Lesson_30_11_23", "Lesson_30_11_23\Lesson_30_11_23.csproj", "{84361CD5-9333-43F1-ABF2-7F20CF80F8B4}"
EndProject
Global
	GlobalSection(SolutionConfigurationPlatforms) = preSolution
		Debug|Any CPU = Debug|Any CPU
		Release|Any CPU = Release|Any CPU
	EndGlobalSection
	GlobalSection(ProjectConfigurationPlatforms) = postSolution
		{84361CD5-9333-43F1-ABF2-7F20CF80F8B4}.Debug|Any CPU.ActiveCfg = Debug|Any CPU
		{84361CD5-9333-43F1-ABF2-7F20CF80F8B4}.Debug|Any CPU.Build.0 = Debug|Any CPU
		{84361CD5-9333-43F1-ABF2-7F20CF80F8B4}.Release|Any CPU.ActiveCfg = Release|Any CPU
		{84361CD5-9333-43F1-ABF2-7F20CF80F8B4}.Release|Any CPU.Build.0 = Release|Any CPU
	EndGlobalSection
	GlobalSection(SolutionProperties) = preSolution
		HideSolutionNode = FALSE
	EndGlobalSection
	GlobalSection(ExtensibilityGlobals) = postSolution
		SolutionGuid = {D5B2B6BF-1A4E-42F7-A1A8-61FD8904A80F}
	EndGlobalSection
EndGlobal
